// !$*UTF8*$!
{
	archiveVersion = 1;
	classes = {
	};
	objectVersion = 46;
	objects = {

/* Begin PBXBuildFile section */
		940F335B180F5A9F006D9DD3 /* SHUploadController.m in Sources */ = {isa = PBXBuildFile; fileRef = 940F3359180F5A9F006D9DD3 /* SHUploadController.m */; };
		941E7074184ECC9A0048FA3E /* QuartzCore.framework in Frameworks */ = {isa = PBXBuildFile; fileRef = 941E7073184ECC9A0048FA3E /* QuartzCore.framework */; };
		942DEF47182462BD006E32FC /* Reachability.m in Sources */ = {isa = PBXBuildFile; fileRef = 942DEF46182462BD006E32FC /* Reachability.m */; };
		942EF6821868820F00656D71 /* SHImageUtil.m in Sources */ = {isa = PBXBuildFile; fileRef = 942EF6811868820F00656D71 /* SHImageUtil.m */; };
		942EF68D18688DAE00656D71 /* Main.storyboard in Resources */ = {isa = PBXBuildFile; fileRef = 94DCC558180CAB3F007236E4 /* Main.storyboard */; };
		942EF6DA1868A6F200656D71 /* dismiss@2x.png in Resources */ = {isa = PBXBuildFile; fileRef = 942EF6D71868A6F200656D71 /* dismiss@2x.png */; };
		942EF6DB1868A6F200656D71 /* logout@2x.png in Resources */ = {isa = PBXBuildFile; fileRef = 942EF6D81868A6F200656D71 /* logout@2x.png */; };
		942EF6DC1868A6F200656D71 /* submit@2x.png in Resources */ = {isa = PBXBuildFile; fileRef = 942EF6D91868A6F200656D71 /* submit@2x.png */; };
		942EF6DF1868B7B600656D71 /* home@2x.png in Resources */ = {isa = PBXBuildFile; fileRef = 942EF6DD1868B7B600656D71 /* home@2x.png */; };
		942EF6E01868B7B600656D71 /* profile@2x.png in Resources */ = {isa = PBXBuildFile; fileRef = 942EF6DE1868B7B600656D71 /* profile@2x.png */; };
		942EF6E41868BCF300656D71 /* FDStatusBarNotifierView.m in Sources */ = {isa = PBXBuildFile; fileRef = 942EF6E31868BCF300656D71 /* FDStatusBarNotifierView.m */; };
		945B987418723ED3009A4B3C /* icon@2x.png in Resources */ = {isa = PBXBuildFile; fileRef = 945B987318723ED3009A4B3C /* icon@2x.png */; };
		945B987918724076009A4B3C /* settings@2x.png in Resources */ = {isa = PBXBuildFile; fileRef = 945B987718724076009A4B3C /* settings@2x.png */; };
		945B987A18724076009A4B3C /* spotlight@2x.png in Resources */ = {isa = PBXBuildFile; fileRef = 945B987818724076009A4B3C /* spotlight@2x.png */; };
		948153631863E9EB001F66A4 /* login@2x.png in Resources */ = {isa = PBXBuildFile; fileRef = 948153611863E9EB001F66A4 /* login@2x.png */; };
		948153641863E9EB001F66A4 /* register@2x.png in Resources */ = {isa = PBXBuildFile; fileRef = 948153621863E9EB001F66A4 /* register@2x.png */; };
		948153661863EAEE001F66A4 /* background@2x.png in Resources */ = {isa = PBXBuildFile; fileRef = 948153651863EAEE001F66A4 /* background@2x.png */; };
		94994AEB186CAA5200BA8AA8 /* SHContactController.m in Sources */ = {isa = PBXBuildFile; fileRef = 94994AEA186CAA5200BA8AA8 /* SHContactController.m */; };
		94994AED186CBDDC00BA8AA8 /* MessageUI.framework in Frameworks */ = {isa = PBXBuildFile; fileRef = 94994AEC186CBDDC00BA8AA8 /* MessageUI.framework */; };
		949E92C1184D40C4003BE604 /* MBProgressHUD.m in Sources */ = {isa = PBXBuildFile; fileRef = 949E92C0184D40C4003BE604 /* MBProgressHUD.m */; };
		94A2B3FE185CBC590091256D /* Parse.framework in Frameworks */ = {isa = PBXBuildFile; fileRef = 94F688B5181EF3E900476B32 /* Parse.framework */; };
		94A2B401185CBCB80091256D /* SHPushSegue.m in Sources */ = {isa = PBXBuildFile; fileRef = 94A2B400185CBCB80091256D /* SHPushSegue.m */; };
		94A2B404185CBCC40091256D /* SHBackSegue.m in Sources */ = {isa = PBXBuildFile; fileRef = 94A2B403185CBCC40091256D /* SHBackSegue.m */; };
		94A651741864C5D500CDF277 /* tag@2x.png in Resources */ = {isa = PBXBuildFile; fileRef = 94A651731864C5D500CDF277 /* tag@2x.png */; };
		94C708371819E76600319610 /* SHDetailController.m in Sources */ = {isa = PBXBuildFile; fileRef = 94C708361819E76600319610 /* SHDetailController.m */; };
		94CAEC9F1871C7CC00CE8A8A /* SHSearchController.m in Sources */ = {isa = PBXBuildFile; fileRef = 94CAEC9E1871C7CC00CE8A8A /* SHSearchController.m */; };
		94DCC547180CAB3F007236E4 /* Foundation.framework in Frameworks */ = {isa = PBXBuildFile; fileRef = 94DCC546180CAB3F007236E4 /* Foundation.framework */; };
		94DCC549180CAB3F007236E4 /* CoreGraphics.framework in Frameworks */ = {isa = PBXBuildFile; fileRef = 94DCC548180CAB3F007236E4 /* CoreGraphics.framework */; };
		94DCC54B180CAB3F007236E4 /* UIKit.framework in Frameworks */ = {isa = PBXBuildFile; fileRef = 94DCC54A180CAB3F007236E4 /* UIKit.framework */; };
		94DCC551180CAB3F007236E4 /* InfoPlist.strings in Resources */ = {isa = PBXBuildFile; fileRef = 94DCC54F180CAB3F007236E4 /* InfoPlist.strings */; };
		94DCC553180CAB3F007236E4 /* main.m in Sources */ = {isa = PBXBuildFile; fileRef = 94DCC552180CAB3F007236E4 /* main.m */; };
		94DCC557180CAB3F007236E4 /* SHAppDelegate.m in Sources */ = {isa = PBXBuildFile; fileRef = 94DCC556180CAB3F007236E4 /* SHAppDelegate.m */; };
		94DCC55D180CAB3F007236E4 /* SHFirstViewController.m in Sources */ = {isa = PBXBuildFile; fileRef = 94DCC55C180CAB3F007236E4 /* SHFirstViewController.m */; };
		94DCC560180CAB3F007236E4 /* SHSecondViewController.m in Sources */ = {isa = PBXBuildFile; fileRef = 94DCC55F180CAB3F007236E4 /* SHSecondViewController.m */; };
		94DCC562180CAB3F007236E4 /* Images.xcassets in Resources */ = {isa = PBXBuildFile; fileRef = 94DCC561180CAB3F007236E4 /* Images.xcassets */; };
		94DCC569180CAB3F007236E4 /* XCTest.framework in Frameworks */ = {isa = PBXBuildFile; fileRef = 94DCC568180CAB3F007236E4 /* XCTest.framework */; };
		94DCC56A180CAB3F007236E4 /* Foundation.framework in Frameworks */ = {isa = PBXBuildFile; fileRef = 94DCC546180CAB3F007236E4 /* Foundation.framework */; };
		94DCC56B180CAB3F007236E4 /* UIKit.framework in Frameworks */ = {isa = PBXBuildFile; fileRef = 94DCC54A180CAB3F007236E4 /* UIKit.framework */; };
		94DCC573180CAB3F007236E4 /* InfoPlist.strings in Resources */ = {isa = PBXBuildFile; fileRef = 94DCC571180CAB3F007236E4 /* InfoPlist.strings */; };
		94DCC575180CAB3F007236E4 /* SheetzTests.m in Sources */ = {isa = PBXBuildFile; fileRef = 94DCC574180CAB3F007236E4 /* SheetzTests.m */; };
		94DCC585180CAB78007236E4 /* SHLaunchController.m in Sources */ = {isa = PBXBuildFile; fileRef = 94DCC583180CAB78007236E4 /* SHLaunchController.m */; };
		94DCC58C180CADB9007236E4 /* SHRegisterController.m in Sources */ = {isa = PBXBuildFile; fileRef = 94DCC58A180CADB9007236E4 /* SHRegisterController.m */; };
		94DCC591180CADC5007236E4 /* SHLoginController.m in Sources */ = {isa = PBXBuildFile; fileRef = 94DCC58F180CADC5007236E4 /* SHLoginController.m */; };
		94DCC598180CAE17007236E4 /* AudioToolbox.framework in Frameworks */ = {isa = PBXBuildFile; fileRef = 94DCC597180CAE17007236E4 /* AudioToolbox.framework */; };
		94DCC59A180CAE1F007236E4 /* CoreLocation.framework in Frameworks */ = {isa = PBXBuildFile; fileRef = 94DCC599180CAE1F007236E4 /* CoreLocation.framework */; };
		94DCC59C180CAE25007236E4 /* CFNetwork.framework in Frameworks */ = {isa = PBXBuildFile; fileRef = 94DCC59B180CAE25007236E4 /* CFNetwork.framework */; };
		94DCC59E180CAE2A007236E4 /* MobileCoreServices.framework in Frameworks */ = {isa = PBXBuildFile; fileRef = 94DCC59D180CAE2A007236E4 /* MobileCoreServices.framework */; };
		94DCC5A0180CAE2F007236E4 /* SystemConfiguration.framework in Frameworks */ = {isa = PBXBuildFile; fileRef = 94DCC59F180CAE2F007236E4 /* SystemConfiguration.framework */; };
		94DCC5A2180CAE34007236E4 /* Security.framework in Frameworks */ = {isa = PBXBuildFile; fileRef = 94DCC5A1180CAE34007236E4 /* Security.framework */; };
		94E2E6741815F4BB002342DF /* SHOverviewController.m in Sources */ = {isa = PBXBuildFile; fileRef = 94E2E6731815F4BB002342DF /* SHOverviewController.m */; };
		94ECDDA2180CD56400615018 /* SHCustomCell.m in Sources */ = {isa = PBXBuildFile; fileRef = 94ECDDA1180CD56400615018 /* SHCustomCell.m */; };
		94F688BA181EF96400476B32 /* SHCustomField.m in Sources */ = {isa = PBXBuildFile; fileRef = 94F688B9181EF96400476B32 /* SHCustomField.m */; };
/* End PBXBuildFile section */

/* Begin PBXContainerItemProxy section */
		94DCC56C180CAB3F007236E4 /* PBXContainerItemProxy */ = {
			isa = PBXContainerItemProxy;
			containerPortal = 94DCC53B180CAB3F007236E4 /* Project object */;
			proxyType = 1;
			remoteGlobalIDString = 94DCC542180CAB3F007236E4;
			remoteInfo = Sheetz;
		};
/* End PBXContainerItemProxy section */

/* Begin PBXFileReference section */
		940F3358180F5A9F006D9DD3 /* SHUploadController.h */ = {isa = PBXFileReference; fileEncoding = 4; lastKnownFileType = sourcecode.c.h; name = SHUploadController.h; path = upload/SHUploadController.h; sourceTree = "<group>"; };
		940F3359180F5A9F006D9DD3 /* SHUploadController.m */ = {isa = PBXFileReference; fileEncoding = 4; lastKnownFileType = sourcecode.c.objc; name = SHUploadController.m; path = upload/SHUploadController.m; sourceTree = "<group>"; };
		941E7073184ECC9A0048FA3E /* QuartzCore.framework */ = {isa = PBXFileReference; lastKnownFileType = wrapper.framework; name = QuartzCore.framework; path = System/Library/Frameworks/QuartzCore.framework; sourceTree = SDKROOT; };
		942DEF45182462BD006E32FC /* Reachability.h */ = {isa = PBXFileReference; fileEncoding = 4; lastKnownFileType = sourcecode.c.h; name = Reachability.h; path = referenced/Reachability.h; sourceTree = "<group>"; };
		942DEF46182462BD006E32FC /* Reachability.m */ = {isa = PBXFileReference; fileEncoding = 4; lastKnownFileType = sourcecode.c.objc; name = Reachability.m; path = referenced/Reachability.m; sourceTree = "<group>"; };
		942EF6801868820F00656D71 /* SHImageUtil.h */ = {isa = PBXFileReference; fileEncoding = 4; lastKnownFileType = sourcecode.c.h; name = SHImageUtil.h; path = util/SHImageUtil.h; sourceTree = "<group>"; };
		942EF6811868820F00656D71 /* SHImageUtil.m */ = {isa = PBXFileReference; fileEncoding = 4; lastKnownFileType = sourcecode.c.objc; name = SHImageUtil.m; path = util/SHImageUtil.m; sourceTree = "<group>"; };
		942EF6D71868A6F200656D71 /* dismiss@2x.png */ = {isa = PBXFileReference; lastKnownFileType = image.png; name = "dismiss@2x.png"; path = "resources/dismiss@2x.png"; sourceTree = SOURCE_ROOT; };
		942EF6D81868A6F200656D71 /* logout@2x.png */ = {isa = PBXFileReference; lastKnownFileType = image.png; name = "logout@2x.png"; path = "resources/logout@2x.png"; sourceTree = SOURCE_ROOT; };
		942EF6D91868A6F200656D71 /* submit@2x.png */ = {isa = PBXFileReference; lastKnownFileType = image.png; name = "submit@2x.png"; path = "resources/submit@2x.png"; sourceTree = SOURCE_ROOT; };
		942EF6DD1868B7B600656D71 /* home@2x.png */ = {isa = PBXFileReference; lastKnownFileType = image.png; name = "home@2x.png"; path = "resources/home@2x.png"; sourceTree = SOURCE_ROOT; };
		942EF6DE1868B7B600656D71 /* profile@2x.png */ = {isa = PBXFileReference; lastKnownFileType = image.png; name = "profile@2x.png"; path = "resources/profile@2x.png"; sourceTree = SOURCE_ROOT; };
		942EF6E21868BCF300656D71 /* FDStatusBarNotifierView.h */ = {isa = PBXFileReference; fileEncoding = 4; lastKnownFileType = sourcecode.c.h; path = FDStatusBarNotifierView.h; sourceTree = "<group>"; };
		942EF6E31868BCF300656D71 /* FDStatusBarNotifierView.m */ = {isa = PBXFileReference; fileEncoding = 4; lastKnownFileType = sourcecode.c.objc; path = FDStatusBarNotifierView.m; sourceTree = "<group>"; };
		945B987318723ED3009A4B3C /* icon@2x.png */ = {isa = PBXFileReference; lastKnownFileType = image.png; name = "icon@2x.png"; path = "resources/icon@2x.png"; sourceTree = SOURCE_ROOT; };
		945B987718724076009A4B3C /* settings@2x.png */ = {isa = PBXFileReference; lastKnownFileType = image.png; name = "settings@2x.png"; path = "resources/settings@2x.png"; sourceTree = SOURCE_ROOT; };
		945B987818724076009A4B3C /* spotlight@2x.png */ = {isa = PBXFileReference; lastKnownFileType = image.png; name = "spotlight@2x.png"; path = "resources/spotlight@2x.png"; sourceTree = SOURCE_ROOT; };
		948153611863E9EB001F66A4 /* login@2x.png */ = {isa = PBXFileReference; lastKnownFileType = image.png; name = "login@2x.png"; path = "resources/login@2x.png"; sourceTree = SOURCE_ROOT; };
		948153621863E9EB001F66A4 /* register@2x.png */ = {isa = PBXFileReference; lastKnownFileType = image.png; name = "register@2x.png"; path = "resources/register@2x.png"; sourceTree = SOURCE_ROOT; };
		948153651863EAEE001F66A4 /* background@2x.png */ = {isa = PBXFileReference; lastKnownFileType = image.png; name = "background@2x.png"; path = "resources/background@2x.png"; sourceTree = SOURCE_ROOT; };
		94994AE9186CAA5200BA8AA8 /* SHContactController.h */ = {isa = PBXFileReference; fileEncoding = 4; lastKnownFileType = sourcecode.c.h; name = SHContactController.h; path = upload/SHContactController.h; sourceTree = "<group>"; };
		94994AEA186CAA5200BA8AA8 /* SHContactController.m */ = {isa = PBXFileReference; fileEncoding = 4; lastKnownFileType = sourcecode.c.objc; name = SHContactController.m; path = upload/SHContactController.m; sourceTree = "<group>"; };
		94994AEC186CBDDC00BA8AA8 /* MessageUI.framework */ = {isa = PBXFileReference; lastKnownFileType = wrapper.framework; name = MessageUI.framework; path = System/Library/Frameworks/MessageUI.framework; sourceTree = SDKROOT; };
		949E92BF184D40C4003BE604 /* MBProgressHUD.h */ = {isa = PBXFileReference; fileEncoding = 4; lastKnownFileType = sourcecode.c.h; name = MBProgressHUD.h; path = referenced/MBProgressHUD.h; sourceTree = "<group>"; };
		949E92C0184D40C4003BE604 /* MBProgressHUD.m */ = {isa = PBXFileReference; fileEncoding = 4; lastKnownFileType = sourcecode.c.objc; name = MBProgressHUD.m; path = referenced/MBProgressHUD.m; sourceTree = "<group>"; };
		94A2B3FF185CBCB80091256D /* SHPushSegue.h */ = {isa = PBXFileReference; fileEncoding = 4; lastKnownFileType = sourcecode.c.h; name = SHPushSegue.h; path = transition/SHPushSegue.h; sourceTree = "<group>"; };
		94A2B400185CBCB80091256D /* SHPushSegue.m */ = {isa = PBXFileReference; fileEncoding = 4; lastKnownFileType = sourcecode.c.objc; name = SHPushSegue.m; path = transition/SHPushSegue.m; sourceTree = "<group>"; };
		94A2B402185CBCC40091256D /* SHBackSegue.h */ = {isa = PBXFileReference; fileEncoding = 4; lastKnownFileType = sourcecode.c.h; name = SHBackSegue.h; path = transition/SHBackSegue.h; sourceTree = "<group>"; };
		94A2B403185CBCC40091256D /* SHBackSegue.m */ = {isa = PBXFileReference; fileEncoding = 4; lastKnownFileType = sourcecode.c.objc; name = SHBackSegue.m; path = transition/SHBackSegue.m; sourceTree = "<group>"; };
		94A651731864C5D500CDF277 /* tag@2x.png */ = {isa = PBXFileReference; lastKnownFileType = image.png; name = "tag@2x.png"; path = "resources/tag@2x.png"; sourceTree = SOURCE_ROOT; };
		94C708351819E76600319610 /* SHDetailController.h */ = {isa = PBXFileReference; fileEncoding = 4; lastKnownFileType = sourcecode.c.h; name = SHDetailController.h; path = detail/SHDetailController.h; sourceTree = "<group>"; };
		94C708361819E76600319610 /* SHDetailController.m */ = {isa = PBXFileReference; fileEncoding = 4; lastKnownFileType = sourcecode.c.objc; name = SHDetailController.m; path = detail/SHDetailController.m; sourceTree = "<group>"; };
		94CAEC9D1871C7CC00CE8A8A /* SHSearchController.h */ = {isa = PBXFileReference; fileEncoding = 4; lastKnownFileType = sourcecode.c.h; name = SHSearchController.h; path = search/SHSearchController.h; sourceTree = "<group>"; };
		94CAEC9E1871C7CC00CE8A8A /* SHSearchController.m */ = {isa = PBXFileReference; fileEncoding = 4; lastKnownFileType = sourcecode.c.objc; name = SHSearchController.m; path = search/SHSearchController.m; sourceTree = "<group>"; };
		94DCC543180CAB3F007236E4 /* Sheetz.app */ = {isa = PBXFileReference; explicitFileType = wrapper.application; includeInIndex = 0; path = Sheetz.app; sourceTree = BUILT_PRODUCTS_DIR; };
		94DCC546180CAB3F007236E4 /* Foundation.framework */ = {isa = PBXFileReference; lastKnownFileType = wrapper.framework; name = Foundation.framework; path = System/Library/Frameworks/Foundation.framework; sourceTree = SDKROOT; };
		94DCC548180CAB3F007236E4 /* CoreGraphics.framework */ = {isa = PBXFileReference; lastKnownFileType = wrapper.framework; name = CoreGraphics.framework; path = System/Library/Frameworks/CoreGraphics.framework; sourceTree = SDKROOT; };
		94DCC54A180CAB3F007236E4 /* UIKit.framework */ = {isa = PBXFileReference; lastKnownFileType = wrapper.framework; name = UIKit.framework; path = System/Library/Frameworks/UIKit.framework; sourceTree = SDKROOT; };
		94DCC54E180CAB3F007236E4 /* Sheetz-Info.plist */ = {isa = PBXFileReference; lastKnownFileType = text.plist.xml; path = "Sheetz-Info.plist"; sourceTree = "<group>"; };
		94DCC550180CAB3F007236E4 /* en */ = {isa = PBXFileReference; lastKnownFileType = text.plist.strings; name = en; path = en.lproj/InfoPlist.strings; sourceTree = "<group>"; };
		94DCC552180CAB3F007236E4 /* main.m */ = {isa = PBXFileReference; lastKnownFileType = sourcecode.c.objc; path = main.m; sourceTree = "<group>"; };
		94DCC554180CAB3F007236E4 /* Sheetz-Prefix.pch */ = {isa = PBXFileReference; lastKnownFileType = sourcecode.c.h; path = "Sheetz-Prefix.pch"; sourceTree = "<group>"; };
		94DCC555180CAB3F007236E4 /* SHAppDelegate.h */ = {isa = PBXFileReference; lastKnownFileType = sourcecode.c.h; path = SHAppDelegate.h; sourceTree = "<group>"; };
		94DCC556180CAB3F007236E4 /* SHAppDelegate.m */ = {isa = PBXFileReference; lastKnownFileType = sourcecode.c.objc; path = SHAppDelegate.m; sourceTree = "<group>"; };
		94DCC559180CAB3F007236E4 /* Base */ = {isa = PBXFileReference; lastKnownFileType = file.storyboard; name = Base; path = Base.lproj/Main.storyboard; sourceTree = "<group>"; };
		94DCC55B180CAB3F007236E4 /* SHFirstViewController.h */ = {isa = PBXFileReference; lastKnownFileType = sourcecode.c.h; path = SHFirstViewController.h; sourceTree = "<group>"; };
		94DCC55C180CAB3F007236E4 /* SHFirstViewController.m */ = {isa = PBXFileReference; lastKnownFileType = sourcecode.c.objc; lineEnding = 0; path = SHFirstViewController.m; sourceTree = "<group>"; };
		94DCC55E180CAB3F007236E4 /* SHSecondViewController.h */ = {isa = PBXFileReference; lastKnownFileType = sourcecode.c.h; path = SHSecondViewController.h; sourceTree = "<group>"; };
		94DCC55F180CAB3F007236E4 /* SHSecondViewController.m */ = {isa = PBXFileReference; lastKnownFileType = sourcecode.c.objc; path = SHSecondViewController.m; sourceTree = "<group>"; };
		94DCC561180CAB3F007236E4 /* Images.xcassets */ = {isa = PBXFileReference; lastKnownFileType = folder.assetcatalog; path = Images.xcassets; sourceTree = "<group>"; };
		94DCC567180CAB3F007236E4 /* SheetzTests.xctest */ = {isa = PBXFileReference; explicitFileType = wrapper.cfbundle; includeInIndex = 0; path = SheetzTests.xctest; sourceTree = BUILT_PRODUCTS_DIR; };
		94DCC568180CAB3F007236E4 /* XCTest.framework */ = {isa = PBXFileReference; lastKnownFileType = wrapper.framework; name = XCTest.framework; path = Library/Frameworks/XCTest.framework; sourceTree = DEVELOPER_DIR; };
		94DCC570180CAB3F007236E4 /* SheetzTests-Info.plist */ = {isa = PBXFileReference; lastKnownFileType = text.plist.xml; path = "SheetzTests-Info.plist"; sourceTree = "<group>"; };
		94DCC572180CAB3F007236E4 /* en */ = {isa = PBXFileReference; lastKnownFileType = text.plist.strings; name = en; path = en.lproj/InfoPlist.strings; sourceTree = "<group>"; };
		94DCC574180CAB3F007236E4 /* SheetzTests.m */ = {isa = PBXFileReference; lastKnownFileType = sourcecode.c.objc; path = SheetzTests.m; sourceTree = "<group>"; };
		94DCC582180CAB78007236E4 /* SHLaunchController.h */ = {isa = PBXFileReference; fileEncoding = 4; lastKnownFileType = sourcecode.c.h; name = SHLaunchController.h; path = launch/SHLaunchController.h; sourceTree = "<group>"; };
		94DCC583180CAB78007236E4 /* SHLaunchController.m */ = {isa = PBXFileReference; fileEncoding = 4; lastKnownFileType = sourcecode.c.objc; name = SHLaunchController.m; path = launch/SHLaunchController.m; sourceTree = "<group>"; };
		94DCC589180CADB9007236E4 /* SHRegisterController.h */ = {isa = PBXFileReference; fileEncoding = 4; lastKnownFileType = sourcecode.c.h; name = SHRegisterController.h; path = register/SHRegisterController.h; sourceTree = "<group>"; };
		94DCC58A180CADB9007236E4 /* SHRegisterController.m */ = {isa = PBXFileReference; fileEncoding = 4; lastKnownFileType = sourcecode.c.objc; name = SHRegisterController.m; path = register/SHRegisterController.m; sourceTree = "<group>"; };
		94DCC58E180CADC5007236E4 /* SHLoginController.h */ = {isa = PBXFileReference; fileEncoding = 4; lastKnownFileType = sourcecode.c.h; name = SHLoginController.h; path = login/SHLoginController.h; sourceTree = "<group>"; };
		94DCC58F180CADC5007236E4 /* SHLoginController.m */ = {isa = PBXFileReference; fileEncoding = 4; lastKnownFileType = sourcecode.c.objc; name = SHLoginController.m; path = login/SHLoginController.m; sourceTree = "<group>"; };
		94DCC595180CAE12007236E4 /* libz.1.1.3.dylib */ = {isa = PBXFileReference; lastKnownFileType = "compiled.mach-o.dylib"; name = libz.1.1.3.dylib; path = usr/lib/libz.1.1.3.dylib; sourceTree = SDKROOT; };
		94DCC597180CAE17007236E4 /* AudioToolbox.framework */ = {isa = PBXFileReference; lastKnownFileType = wrapper.framework; name = AudioToolbox.framework; path = System/Library/Frameworks/AudioToolbox.framework; sourceTree = SDKROOT; };
		94DCC599180CAE1F007236E4 /* CoreLocation.framework */ = {isa = PBXFileReference; lastKnownFileType = wrapper.framework; name = CoreLocation.framework; path = System/Library/Frameworks/CoreLocation.framework; sourceTree = SDKROOT; };
		94DCC59B180CAE25007236E4 /* CFNetwork.framework */ = {isa = PBXFileReference; lastKnownFileType = wrapper.framework; name = CFNetwork.framework; path = System/Library/Frameworks/CFNetwork.framework; sourceTree = SDKROOT; };
		94DCC59D180CAE2A007236E4 /* MobileCoreServices.framework */ = {isa = PBXFileReference; lastKnownFileType = wrapper.framework; name = MobileCoreServices.framework; path = System/Library/Frameworks/MobileCoreServices.framework; sourceTree = SDKROOT; };
		94DCC59F180CAE2F007236E4 /* SystemConfiguration.framework */ = {isa = PBXFileReference; lastKnownFileType = wrapper.framework; name = SystemConfiguration.framework; path = System/Library/Frameworks/SystemConfiguration.framework; sourceTree = SDKROOT; };
		94DCC5A1180CAE34007236E4 /* Security.framework */ = {isa = PBXFileReference; lastKnownFileType = wrapper.framework; name = Security.framework; path = System/Library/Frameworks/Security.framework; sourceTree = SDKROOT; };
		94E2E6721815F4BB002342DF /* SHOverviewController.h */ = {isa = PBXFileReference; fileEncoding = 4; lastKnownFileType = sourcecode.c.h; name = SHOverviewController.h; path = overview/SHOverviewController.h; sourceTree = "<group>"; };
		94E2E6731815F4BB002342DF /* SHOverviewController.m */ = {isa = PBXFileReference; fileEncoding = 4; lastKnownFileType = sourcecode.c.objc; name = SHOverviewController.m; path = overview/SHOverviewController.m; sourceTree = "<group>"; };
		94ECDDA0180CD56400615018 /* SHCustomCell.h */ = {isa = PBXFileReference; fileEncoding = 4; lastKnownFileType = sourcecode.c.h; name = SHCustomCell.h; path = cell/SHCustomCell.h; sourceTree = "<group>"; };
		94ECDDA1180CD56400615018 /* SHCustomCell.m */ = {isa = PBXFileReference; fileEncoding = 4; lastKnownFileType = sourcecode.c.objc; name = SHCustomCell.m; path = cell/SHCustomCell.m; sourceTree = "<group>"; };
		94F688B5181EF3E900476B32 /* Parse.framework */ = {isa = PBXFileReference; lastKnownFileType = wrapper.framework; name = Parse.framework; path = frameworks/Parse.framework; sourceTree = "<group>"; };
		94F688B8181EF96400476B32 /* SHCustomField.h */ = {isa = PBXFileReference; fileEncoding = 4; lastKnownFileType = sourcecode.c.h; name = SHCustomField.h; path = field/SHCustomField.h; sourceTree = "<group>"; };
		94F688B9181EF96400476B32 /* SHCustomField.m */ = {isa = PBXFileReference; fileEncoding = 4; lastKnownFileType = sourcecode.c.objc; name = SHCustomField.m; path = field/SHCustomField.m; sourceTree = "<group>"; };
/* End PBXFileReference section */

/* Begin PBXFrameworksBuildPhase section */
		94DCC540180CAB3F007236E4 /* Frameworks */ = {
			isa = PBXFrameworksBuildPhase;
			buildActionMask = 2147483647;
			files = (
				94994AED186CBDDC00BA8AA8 /* MessageUI.framework in Frameworks */,
				94A2B3FE185CBC590091256D /* Parse.framework in Frameworks */,
				941E7074184ECC9A0048FA3E /* QuartzCore.framework in Frameworks */,
				94DCC5A2180CAE34007236E4 /* Security.framework in Frameworks */,
				94DCC5A0180CAE2F007236E4 /* SystemConfiguration.framework in Frameworks */,
				94DCC59E180CAE2A007236E4 /* MobileCoreServices.framework in Frameworks */,
				94DCC59C180CAE25007236E4 /* CFNetwork.framework in Frameworks */,
				94DCC59A180CAE1F007236E4 /* CoreLocation.framework in Frameworks */,
				94DCC598180CAE17007236E4 /* AudioToolbox.framework in Frameworks */,
				94DCC549180CAB3F007236E4 /* CoreGraphics.framework in Frameworks */,
				94DCC54B180CAB3F007236E4 /* UIKit.framework in Frameworks */,
				94DCC547180CAB3F007236E4 /* Foundation.framework in Frameworks */,
			);
			runOnlyForDeploymentPostprocessing = 0;
		};
		94DCC564180CAB3F007236E4 /* Frameworks */ = {
			isa = PBXFrameworksBuildPhase;
			buildActionMask = 2147483647;
			files = (
				94DCC569180CAB3F007236E4 /* XCTest.framework in Frameworks */,
				94DCC56B180CAB3F007236E4 /* UIKit.framework in Frameworks */,
				94DCC56A180CAB3F007236E4 /* Foundation.framework in Frameworks */,
			);
			runOnlyForDeploymentPostprocessing = 0;
		};
/* End PBXFrameworksBuildPhase section */

/* Begin PBXGroup section */
		940F3357180F5A81006D9DD3 /* Upload Listing */ = {
			isa = PBXGroup;
			children = (
				940F3358180F5A9F006D9DD3 /* SHUploadController.h */,
				940F3359180F5A9F006D9DD3 /* SHUploadController.m */,
			);
			name = "Upload Listing";
			sourceTree = "<group>";
		};
		942DEF44182462AE006E32FC /* Reachability */ = {
			isa = PBXGroup;
			children = (
				942DEF45182462BD006E32FC /* Reachability.h */,
				942DEF46182462BD006E32FC /* Reachability.m */,
			);
			name = Reachability;
			sourceTree = "<group>";
		};
		942EF67F186881FF00656D71 /* Image Util */ = {
			isa = PBXGroup;
			children = (
				942EF6801868820F00656D71 /* SHImageUtil.h */,
				942EF6811868820F00656D71 /* SHImageUtil.m */,
			);
			name = "Image Util";
			sourceTree = "<group>";
		};
		942EF6E11868BCF300656D71 /* FDStatusBarNotifierView */ = {
			isa = PBXGroup;
			children = (
				942EF6E21868BCF300656D71 /* FDStatusBarNotifierView.h */,
				942EF6E31868BCF300656D71 /* FDStatusBarNotifierView.m */,
			);
			name = FDStatusBarNotifierView;
			path = referenced/FDStatusBarNotifierView;
			sourceTree = "<group>";
		};
		948153601863E9DF001F66A4 /* Resources */ = {
			isa = PBXGroup;
			children = (
				945B987718724076009A4B3C /* settings@2x.png */,
				945B987818724076009A4B3C /* spotlight@2x.png */,
				945B987318723ED3009A4B3C /* icon@2x.png */,
				942EF6DD1868B7B600656D71 /* home@2x.png */,
				942EF6DE1868B7B600656D71 /* profile@2x.png */,
				942EF6D71868A6F200656D71 /* dismiss@2x.png */,
				942EF6D81868A6F200656D71 /* logout@2x.png */,
				942EF6D91868A6F200656D71 /* submit@2x.png */,
				948153651863EAEE001F66A4 /* background@2x.png */,
				948153611863E9EB001F66A4 /* login@2x.png */,
				948153621863E9EB001F66A4 /* register@2x.png */,
				94A651731864C5D500CDF277 /* tag@2x.png */,
			);
			name = Resources;
			sourceTree = "<group>";
		};
		94994AE8186CAA3700BA8AA8 /* Contact */ = {
			isa = PBXGroup;
			children = (
				94994AE9186CAA5200BA8AA8 /* SHContactController.h */,
				94994AEA186CAA5200BA8AA8 /* SHContactController.m */,
			);
			name = Contact;
			sourceTree = "<group>";
		};
		949E92BE184D40BC003BE604 /* MBProgressHUD */ = {
			isa = PBXGroup;
			children = (
				949E92BF184D40C4003BE604 /* MBProgressHUD.h */,
				949E92C0184D40C4003BE604 /* MBProgressHUD.m */,
			);
			name = MBProgressHUD;
			sourceTree = "<group>";
		};
		94A04EC0185A8CDF000E2F54 /* Transition */ = {
			isa = PBXGroup;
			children = (
				94A2B3FF185CBCB80091256D /* SHPushSegue.h */,
				94A2B400185CBCB80091256D /* SHPushSegue.m */,
				94A2B402185CBCC40091256D /* SHBackSegue.h */,
				94A2B403185CBCC40091256D /* SHBackSegue.m */,
			);
			name = Transition;
			sourceTree = "<group>";
		};
		94C708341819E75300319610 /* Detail */ = {
			isa = PBXGroup;
			children = (
				94C708351819E76600319610 /* SHDetailController.h */,
				94C708361819E76600319610 /* SHDetailController.m */,
			);
			name = Detail;
			sourceTree = "<group>";
		};
		94CAEC9C1871C7BC00CE8A8A /* Search */ = {
			isa = PBXGroup;
			children = (
				94CAEC9D1871C7CC00CE8A8A /* SHSearchController.h */,
				94CAEC9E1871C7CC00CE8A8A /* SHSearchController.m */,
			);
			name = Search;
			sourceTree = "<group>";
		};
		94DCC53A180CAB3F007236E4 = {
			isa = PBXGroup;
			children = (
				94DCC54C180CAB3F007236E4 /* Sheetz */,
				94DCC56E180CAB3F007236E4 /* SheetzTests */,
				94DCC545180CAB3F007236E4 /* Frameworks */,
				94DCC544180CAB3F007236E4 /* Products */,
			);
			sourceTree = "<group>";
		};
		94DCC544180CAB3F007236E4 /* Products */ = {
			isa = PBXGroup;
			children = (
				94DCC543180CAB3F007236E4 /* Sheetz.app */,
				94DCC567180CAB3F007236E4 /* SheetzTests.xctest */,
			);
			name = Products;
			sourceTree = "<group>";
		};
		94DCC545180CAB3F007236E4 /* Frameworks */ = {
			isa = PBXGroup;
			children = (
				94994AEC186CBDDC00BA8AA8 /* MessageUI.framework */,
				94DCC595180CAE12007236E4 /* libz.1.1.3.dylib */,
				941E7073184ECC9A0048FA3E /* QuartzCore.framework */,
				94F688B5181EF3E900476B32 /* Parse.framework */,
				94DCC5A1180CAE34007236E4 /* Security.framework */,
				94DCC59F180CAE2F007236E4 /* SystemConfiguration.framework */,
				94DCC59D180CAE2A007236E4 /* MobileCoreServices.framework */,
				94DCC59B180CAE25007236E4 /* CFNetwork.framework */,
				94DCC599180CAE1F007236E4 /* CoreLocation.framework */,
				94DCC597180CAE17007236E4 /* AudioToolbox.framework */,
				94DCC54A180CAB3F007236E4 /* UIKit.framework */,
				94DCC546180CAB3F007236E4 /* Foundation.framework */,
				94DCC548180CAB3F007236E4 /* CoreGraphics.framework */,
				94DCC568180CAB3F007236E4 /* XCTest.framework */,
			);
			name = Frameworks;
			sourceTree = "<group>";
		};
		94DCC54C180CAB3F007236E4 /* Sheetz */ = {
			isa = PBXGroup;
			children = (
				94CAEC9C1871C7BC00CE8A8A /* Search */,
				94DCC57E180CAB46007236E4 /* Delegates */,
				94994AE8186CAA3700BA8AA8 /* Contact */,
				942EF6E11868BCF300656D71 /* FDStatusBarNotifierView */,
				942EF67F186881FF00656D71 /* Image Util */,
				948153601863E9DF001F66A4 /* Resources */,
				94A04EC0185A8CDF000E2F54 /* Transition */,
				949E92BE184D40BC003BE604 /* MBProgressHUD */,
				942DEF44182462AE006E32FC /* Reachability */,
				94F688B7181EF93D00476B32 /* Custom Field */,
				94C708341819E75300319610 /* Detail */,
				940F3357180F5A81006D9DD3 /* Upload Listing */,
				94E2E6711815F496002342DF /* Listing Overview */,
				94DCC581180CAB67007236E4 /* Pre View */,
				94DCC588180CADA9007236E4 /* Login */,
				94DCC587180CADA4007236E4 /* Register */,
				94ECDD9F180CD54D00615018 /* Cell */,
				94DCC57F180CAB4E007236E4 /* Home */,
				94DCC580180CAB55007236E4 /* Profile */,
				94DCC558180CAB3F007236E4 /* Main.storyboard */,
				94DCC561180CAB3F007236E4 /* Images.xcassets */,
				94DCC54D180CAB3F007236E4 /* Supporting Files */,
			);
			path = Sheetz;
			sourceTree = "<group>";
		};
		94DCC54D180CAB3F007236E4 /* Supporting Files */ = {
			isa = PBXGroup;
			children = (
				94DCC54E180CAB3F007236E4 /* Sheetz-Info.plist */,
				94DCC54F180CAB3F007236E4 /* InfoPlist.strings */,
				94DCC552180CAB3F007236E4 /* main.m */,
				94DCC554180CAB3F007236E4 /* Sheetz-Prefix.pch */,
			);
			name = "Supporting Files";
			sourceTree = "<group>";
		};
		94DCC56E180CAB3F007236E4 /* SheetzTests */ = {
			isa = PBXGroup;
			children = (
				94DCC574180CAB3F007236E4 /* SheetzTests.m */,
				94DCC56F180CAB3F007236E4 /* Supporting Files */,
			);
			path = SheetzTests;
			sourceTree = "<group>";
		};
		94DCC56F180CAB3F007236E4 /* Supporting Files */ = {
			isa = PBXGroup;
			children = (
				94DCC570180CAB3F007236E4 /* SheetzTests-Info.plist */,
				94DCC571180CAB3F007236E4 /* InfoPlist.strings */,
			);
			name = "Supporting Files";
			sourceTree = "<group>";
		};
		94DCC57E180CAB46007236E4 /* Delegates */ = {
			isa = PBXGroup;
			children = (
				94DCC555180CAB3F007236E4 /* SHAppDelegate.h */,
				94DCC556180CAB3F007236E4 /* SHAppDelegate.m */,
			);
			name = Delegates;
			sourceTree = "<group>";
		};
		94DCC57F180CAB4E007236E4 /* Home */ = {
			isa = PBXGroup;
			children = (
				94DCC55B180CAB3F007236E4 /* SHFirstViewController.h */,
				94DCC55C180CAB3F007236E4 /* SHFirstViewController.m */,
			);
			name = Home;
			sourceTree = "<group>";
		};
		94DCC580180CAB55007236E4 /* Profile */ = {
			isa = PBXGroup;
			children = (
				94DCC55E180CAB3F007236E4 /* SHSecondViewController.h */,
				94DCC55F180CAB3F007236E4 /* SHSecondViewController.m */,
			);
			name = Profile;
			sourceTree = "<group>";
		};
		94DCC581180CAB67007236E4 /* Pre View */ = {
			isa = PBXGroup;
			children = (
				94DCC582180CAB78007236E4 /* SHLaunchController.h */,
				94DCC583180CAB78007236E4 /* SHLaunchController.m */,
			);
			name = "Pre View";
			sourceTree = "<group>";
		};
		94DCC587180CADA4007236E4 /* Register */ = {
			isa = PBXGroup;
			children = (
				94DCC589180CADB9007236E4 /* SHRegisterController.h */,
				94DCC58A180CADB9007236E4 /* SHRegisterController.m */,
			);
			name = Register;
			sourceTree = "<group>";
		};
		94DCC588180CADA9007236E4 /* Login */ = {
			isa = PBXGroup;
			children = (
				94DCC58E180CADC5007236E4 /* SHLoginController.h */,
				94DCC58F180CADC5007236E4 /* SHLoginController.m */,
			);
			name = Login;
			sourceTree = "<group>";
		};
		94E2E6711815F496002342DF /* Listing Overview */ = {
			isa = PBXGroup;
			children = (
				94E2E6721815F4BB002342DF /* SHOverviewController.h */,
				94E2E6731815F4BB002342DF /* SHOverviewController.m */,
			);
			name = "Listing Overview";
			sourceTree = "<group>";
		};
		94ECDD9F180CD54D00615018 /* Cell */ = {
			isa = PBXGroup;
			children = (
				94ECDDA0180CD56400615018 /* SHCustomCell.h */,
				94ECDDA1180CD56400615018 /* SHCustomCell.m */,
			);
			name = Cell;
			sourceTree = "<group>";
		};
		94F688B7181EF93D00476B32 /* Custom Field */ = {
			isa = PBXGroup;
			children = (
				94F688B8181EF96400476B32 /* SHCustomField.h */,
				94F688B9181EF96400476B32 /* SHCustomField.m */,
			);
			name = "Custom Field";
			sourceTree = "<group>";
		};
/* End PBXGroup section */

/* Begin PBXNativeTarget section */
		94DCC542180CAB3F007236E4 /* Sheetz */ = {
			isa = PBXNativeTarget;
			buildConfigurationList = 94DCC578180CAB3F007236E4 /* Build configuration list for PBXNativeTarget "Sheetz" */;
			buildPhases = (
				94DCC53F180CAB3F007236E4 /* Sources */,
				94DCC540180CAB3F007236E4 /* Frameworks */,
				94DCC541180CAB3F007236E4 /* Resources */,
			);
			buildRules = (
			);
			dependencies = (
			);
			name = Sheetz;
			productName = Sheetz;
			productReference = 94DCC543180CAB3F007236E4 /* Sheetz.app */;
			productType = "com.apple.product-type.application";
		};
		94DCC566180CAB3F007236E4 /* SheetzTests */ = {
			isa = PBXNativeTarget;
			buildConfigurationList = 94DCC57B180CAB3F007236E4 /* Build configuration list for PBXNativeTarget "SheetzTests" */;
			buildPhases = (
				94DCC563180CAB3F007236E4 /* Sources */,
				94DCC564180CAB3F007236E4 /* Frameworks */,
				94DCC565180CAB3F007236E4 /* Resources */,
			);
			buildRules = (
			);
			dependencies = (
				94DCC56D180CAB3F007236E4 /* PBXTargetDependency */,
			);
			name = SheetzTests;
			productName = SheetzTests;
			productReference = 94DCC567180CAB3F007236E4 /* SheetzTests.xctest */;
			productType = "com.apple.product-type.bundle.unit-test";
		};
/* End PBXNativeTarget section */

/* Begin PBXProject section */
		94DCC53B180CAB3F007236E4 /* Project object */ = {
			isa = PBXProject;
			attributes = {
				CLASSPREFIX = SH;
				LastUpgradeCheck = 0500;
				ORGANIZATIONNAME = "Ryan Cohen";
				TargetAttributes = {
					94DCC542180CAB3F007236E4 = {
						DevelopmentTeam = 7V9G5R9AT4;
					};
					94DCC566180CAB3F007236E4 = {
						TestTargetID = 94DCC542180CAB3F007236E4;
					};
				};
			};
			buildConfigurationList = 94DCC53E180CAB3F007236E4 /* Build configuration list for PBXProject "Sheetz" */;
			compatibilityVersion = "Xcode 3.2";
			developmentRegion = English;
			hasScannedForEncodings = 0;
			knownRegions = (
				en,
				Base,
			);
			mainGroup = 94DCC53A180CAB3F007236E4;
			productRefGroup = 94DCC544180CAB3F007236E4 /* Products */;
			projectDirPath = "";
			projectRoot = "";
			targets = (
				94DCC542180CAB3F007236E4 /* Sheetz */,
				94DCC566180CAB3F007236E4 /* SheetzTests */,
			);
		};
/* End PBXProject section */

/* Begin PBXResourcesBuildPhase section */
		94DCC541180CAB3F007236E4 /* Resources */ = {
			isa = PBXResourcesBuildPhase;
			buildActionMask = 2147483647;
			files = (
				942EF68D18688DAE00656D71 /* Main.storyboard in Resources */,
				948153641863E9EB001F66A4 /* register@2x.png in Resources */,
				945B987418723ED3009A4B3C /* icon@2x.png in Resources */,
				94DCC562180CAB3F007236E4 /* Images.xcassets in Resources */,
				94DCC551180CAB3F007236E4 /* InfoPlist.strings in Resources */,
				948153631863E9EB001F66A4 /* login@2x.png in Resources */,
				942EF6DB1868A6F200656D71 /* logout@2x.png in Resources */,
				942EF6DC1868A6F200656D71 /* submit@2x.png in Resources */,
				948153661863EAEE001F66A4 /* background@2x.png in Resources */,
				945B987918724076009A4B3C /* settings@2x.png in Resources */,
				945B987A18724076009A4B3C /* spotlight@2x.png in Resources */,
				942EF6E01868B7B600656D71 /* profile@2x.png in Resources */,
				94A651741864C5D500CDF277 /* tag@2x.png in Resources */,
				942EF6DA1868A6F200656D71 /* dismiss@2x.png in Resources */,
				942EF6DF1868B7B600656D71 /* home@2x.png in Resources */,
			);
			runOnlyForDeploymentPostprocessing = 0;
		};
		94DCC565180CAB3F007236E4 /* Resources */ = {
			isa = PBXResourcesBuildPhase;
			buildActionMask = 2147483647;
			files = (
				94DCC573180CAB3F007236E4 /* InfoPlist.strings in Resources */,
			);
			runOnlyForDeploymentPostprocessing = 0;
		};
/* End PBXResourcesBuildPhase section */

/* Begin PBXSourcesBuildPhase section */
		94DCC53F180CAB3F007236E4 /* Sources */ = {
			isa = PBXSourcesBuildPhase;
			buildActionMask = 2147483647;
			files = (
				94DCC55D180CAB3F007236E4 /* SHFirstViewController.m in Sources */,
				942EF6821868820F00656D71 /* SHImageUtil.m in Sources */,
				94DCC58C180CADB9007236E4 /* SHRegisterController.m in Sources */,
				940F335B180F5A9F006D9DD3 /* SHUploadController.m in Sources */,
				94F688BA181EF96400476B32 /* SHCustomField.m in Sources */,
				94DCC585180CAB78007236E4 /* SHLaunchController.m in Sources */,
				94C708371819E76600319610 /* SHDetailController.m in Sources */,
				94DCC560180CAB3F007236E4 /* SHSecondViewController.m in Sources */,
				942DEF47182462BD006E32FC /* Reachability.m in Sources */,
				94DCC591180CADC5007236E4 /* SHLoginController.m in Sources */,
				94DCC553180CAB3F007236E4 /* main.m in Sources */,
				94E2E6741815F4BB002342DF /* SHOverviewController.m in Sources */,
				94DCC557180CAB3F007236E4 /* SHAppDelegate.m in Sources */,
				94A2B401185CBCB80091256D /* SHPushSegue.m in Sources */,
				94994AEB186CAA5200BA8AA8 /* SHContactController.m in Sources */,
				94A2B404185CBCC40091256D /* SHBackSegue.m in Sources */,
				94CAEC9F1871C7CC00CE8A8A /* SHSearchController.m in Sources */,
				94ECDDA2180CD56400615018 /* SHCustomCell.m in Sources */,
				942EF6E41868BCF300656D71 /* FDStatusBarNotifierView.m in Sources */,
				949E92C1184D40C4003BE604 /* MBProgressHUD.m in Sources */,
			);
			runOnlyForDeploymentPostprocessing = 0;
		};
		94DCC563180CAB3F007236E4 /* Sources */ = {
			isa = PBXSourcesBuildPhase;
			buildActionMask = 2147483647;
			files = (
				94DCC575180CAB3F007236E4 /* SheetzTests.m in Sources */,
			);
			runOnlyForDeploymentPostprocessing = 0;
		};
/* End PBXSourcesBuildPhase section */

/* Begin PBXTargetDependency section */
		94DCC56D180CAB3F007236E4 /* PBXTargetDependency */ = {
			isa = PBXTargetDependency;
			target = 94DCC542180CAB3F007236E4 /* Sheetz */;
			targetProxy = 94DCC56C180CAB3F007236E4 /* PBXContainerItemProxy */;
		};
/* End PBXTargetDependency section */

/* Begin PBXVariantGroup section */
		94DCC54F180CAB3F007236E4 /* InfoPlist.strings */ = {
			isa = PBXVariantGroup;
			children = (
				94DCC550180CAB3F007236E4 /* en */,
			);
			name = InfoPlist.strings;
			sourceTree = "<group>";
		};
		94DCC558180CAB3F007236E4 /* Main.storyboard */ = {
			isa = PBXVariantGroup;
			children = (
				94DCC559180CAB3F007236E4 /* Base */,
			);
			name = Main.storyboard;
			sourceTree = "<group>";
		};
		94DCC571180CAB3F007236E4 /* InfoPlist.strings */ = {
			isa = PBXVariantGroup;
			children = (
				94DCC572180CAB3F007236E4 /* en */,
			);
			name = InfoPlist.strings;
			sourceTree = "<group>";
		};
/* End PBXVariantGroup section */

/* Begin XCBuildConfiguration section */
		94DCC576180CAB3F007236E4 /* Debug */ = {
			isa = XCBuildConfiguration;
			buildSettings = {
				ALWAYS_SEARCH_USER_PATHS = YES;
				ARCHS = "$(ARCHS_STANDARD_INCLUDING_64_BIT)";
				CLANG_CXX_LANGUAGE_STANDARD = "gnu++0x";
				CLANG_CXX_LIBRARY = "libc++";
				CLANG_ENABLE_MODULES = YES;
				CLANG_ENABLE_OBJC_ARC = YES;
				CLANG_WARN_BOOL_CONVERSION = YES;
				CLANG_WARN_CONSTANT_CONVERSION = YES;
				CLANG_WARN_DIRECT_OBJC_ISA_USAGE = YES_ERROR;
				CLANG_WARN_EMPTY_BODY = YES;
				CLANG_WARN_ENUM_CONVERSION = YES;
				CLANG_WARN_INT_CONVERSION = YES;
				CLANG_WARN_OBJC_ROOT_CLASS = YES_ERROR;
				CLANG_WARN__DUPLICATE_METHOD_MATCH = YES;
				"CODE_SIGN_IDENTITY[sdk=iphoneos*]" = "iPhone Developer";
				COPY_PHASE_STRIP = NO;
				GCC_C_LANGUAGE_STANDARD = gnu99;
				GCC_DYNAMIC_NO_PIC = NO;
				GCC_OPTIMIZATION_LEVEL = 0;
				GCC_PREPROCESSOR_DEFINITIONS = (
					"DEBUG=1",
					"$(inherited)",
				);
				GCC_SYMBOLS_PRIVATE_EXTERN = NO;
				GCC_WARN_64_TO_32_BIT_CONVERSION = YES;
				GCC_WARN_ABOUT_RETURN_TYPE = YES_ERROR;
				GCC_WARN_UNDECLARED_SELECTOR = YES;
				GCC_WARN_UNINITIALIZED_AUTOS = YES;
				GCC_WARN_UNUSED_FUNCTION = YES;
				GCC_WARN_UNUSED_VARIABLE = YES;
				IPHONEOS_DEPLOYMENT_TARGET = 7.0;
				ONLY_ACTIVE_ARCH = YES;
				OTHER_LDFLAGS = "-ObjC";
				SDKROOT = iphoneos;
				USER_HEADER_SEARCH_PATHS = "\"${PROJECT_DIR}/QuickDialog\"/**";
			};
			name = Debug;
		};
		94DCC577180CAB3F007236E4 /* Release */ = {
			isa = XCBuildConfiguration;
			buildSettings = {
				ALWAYS_SEARCH_USER_PATHS = YES;
				ARCHS = "$(ARCHS_STANDARD_INCLUDING_64_BIT)";
				CLANG_CXX_LANGUAGE_STANDARD = "gnu++0x";
				CLANG_CXX_LIBRARY = "libc++";
				CLANG_ENABLE_MODULES = YES;
				CLANG_ENABLE_OBJC_ARC = YES;
				CLANG_WARN_BOOL_CONVERSION = YES;
				CLANG_WARN_CONSTANT_CONVERSION = YES;
				CLANG_WARN_DIRECT_OBJC_ISA_USAGE = YES_ERROR;
				CLANG_WARN_EMPTY_BODY = YES;
				CLANG_WARN_ENUM_CONVERSION = YES;
				CLANG_WARN_INT_CONVERSION = YES;
				CLANG_WARN_OBJC_ROOT_CLASS = YES_ERROR;
				CLANG_WARN__DUPLICATE_METHOD_MATCH = YES;
				"CODE_SIGN_IDENTITY[sdk=iphoneos*]" = "iPhone Developer";
				COPY_PHASE_STRIP = YES;
				ENABLE_NS_ASSERTIONS = NO;
				GCC_C_LANGUAGE_STANDARD = gnu99;
				GCC_WARN_64_TO_32_BIT_CONVERSION = YES;
				GCC_WARN_ABOUT_RETURN_TYPE = YES_ERROR;
				GCC_WARN_UNDECLARED_SELECTOR = YES;
				GCC_WARN_UNINITIALIZED_AUTOS = YES;
				GCC_WARN_UNUSED_FUNCTION = YES;
				GCC_WARN_UNUSED_VARIABLE = YES;
				IPHONEOS_DEPLOYMENT_TARGET = 7.0;
				OTHER_LDFLAGS = "-ObjC";
				SDKROOT = iphoneos;
				USER_HEADER_SEARCH_PATHS = "\"${PROJECT_DIR}/QuickDialog\"/**";
				VALIDATE_PRODUCT = YES;
			};
			name = Release;
		};
		94DCC579180CAB3F007236E4 /* Debug */ = {
			isa = XCBuildConfiguration;
			buildSettings = {
				CODE_SIGN_IDENTITY = "iPhone Developer";
				"CODE_SIGN_IDENTITY[sdk=iphoneos*]" = "iPhone Developer";
				FRAMEWORK_SEARCH_PATHS = (
					"$(inherited)",
					"/Users/ryan/Desktop/Programming/Projects/Objective-C/Sheetz/frameworks",
					/Users/ryan/Desktop/sheetz/frameworks,
					"/Users/ryan/Desktop/Code/Projects/Objective-C/Sheetz/frameworks",
					"/Users/ryan/Documents/Desktop/Code/Projects/Objective-C/Sheetz/frameworks",
				);
				GCC_PRECOMPILE_PREFIX_HEADER = YES;
				GCC_PREFIX_HEADER = "Sheetz/Sheetz-Prefix.pch";
				INFOPLIST_FILE = "Sheetz/Sheetz-Info.plist";
				OTHER_LDFLAGS = "";
				PRODUCT_NAME = "$(TARGET_NAME)";
				PROVISIONING_PROFILE = "";
				WRAPPER_EXTENSION = app;
			};
			name = Debug;
		};
		94DCC57A180CAB3F007236E4 /* Release */ = {
			isa = XCBuildConfiguration;
			buildSettings = {
				CODE_SIGN_IDENTITY = "iPhone Developer";
				"CODE_SIGN_IDENTITY[sdk=iphoneos*]" = "iPhone Developer";
				FRAMEWORK_SEARCH_PATHS = (
					"$(inherited)",
					"/Users/ryan/Desktop/Programming/Projects/Objective-C/Sheetz/frameworks",
					/Users/ryan/Desktop/sheetz/frameworks,
					"/Users/ryan/Desktop/Code/Projects/Objective-C/Sheetz/frameworks",
					"/Users/ryan/Documents/Desktop/Code/Projects/Objective-C/Sheetz/frameworks",
				);
				GCC_PRECOMPILE_PREFIX_HEADER = YES;
				GCC_PREFIX_HEADER = "Sheetz/Sheetz-Prefix.pch";
				INFOPLIST_FILE = "Sheetz/Sheetz-Info.plist";
				OTHER_LDFLAGS = "";
				PRODUCT_NAME = "$(TARGET_NAME)";
				PROVISIONING_PROFILE = "";
				WRAPPER_EXTENSION = app;
			};
			name = Release;
		};
		94DCC57C180CAB3F007236E4 /* Debug */ = {
			isa = XCBuildConfiguration;
			buildSettings = {
				ARCHS = "$(ARCHS_STANDARD_INCLUDING_64_BIT)";
				BUNDLE_LOADER = "$(BUILT_PRODUCTS_DIR)/Sheetz.app/Sheetz";
				FRAMEWORK_SEARCH_PATHS = (
					"$(SDKROOT)/Developer/Library/Frameworks",
					"$(inherited)",
					"$(DEVELOPER_FRAMEWORKS_DIR)",
				);
				GCC_PRECOMPILE_PREFIX_HEADER = YES;
				GCC_PREFIX_HEADER = "Sheetz/Sheetz-Prefix.pch";
				GCC_PREPROCESSOR_DEFINITIONS = (
					"DEBUG=1",
					"$(inherited)",
				);
				INFOPLIST_FILE = "SheetzTests/SheetzTests-Info.plist";
				PRODUCT_NAME = "$(TARGET_NAME)";
				TEST_HOST = "$(BUNDLE_LOADER)";
				WRAPPER_EXTENSION = xctest;
			};
			name = Debug;
		};
		94DCC57D180CAB3F007236E4 /* Release */ = {
			isa = XCBuildConfiguration;
			buildSettings = {
				ARCHS = "$(ARCHS_STANDARD_INCLUDING_64_BIT)";
				BUNDLE_LOADER = "$(BUILT_PRODUCTS_DIR)/Sheetz.app/Sheetz";
				FRAMEWORK_SEARCH_PATHS = (
					"$(SDKROOT)/Developer/Library/Frameworks",
					"$(inherited)",
					"$(DEVELOPER_FRAMEWORKS_DIR)",
				);
				GCC_PRECOMPILE_PREFIX_HEADER = YES;
				GCC_PREFIX_HEADER = "Sheetz/Sheetz-Prefix.pch";
				INFOPLIST_FILE = "SheetzTests/SheetzTests-Info.plist";
				PRODUCT_NAME = "$(TARGET_NAME)";
				TEST_HOST = "$(BUNDLE_LOADER)";
				WRAPPER_EXTENSION = xctest;
			};
			name = Release;
		};
/* End XCBuildConfiguration section */

/* Begin XCConfigurationList section */
		94DCC53E180CAB3F007236E4 /* Build configuration list for PBXProject "Sheetz" */ = {
			isa = XCConfigurationList;
			buildConfigurations = (
				94DCC576180CAB3F007236E4 /* Debug */,
				94DCC577180CAB3F007236E4 /* Release */,
			);
			defaultConfigurationIsVisible = 0;
			defaultConfigurationName = Release;
		};
		94DCC578180CAB3F007236E4 /* Build configuration list for PBXNativeTarget "Sheetz" */ = {
			isa = XCConfigurationList;
			buildConfigurations = (
				94DCC579180CAB3F007236E4 /* Debug */,
				94DCC57A180CAB3F007236E4 /* Release */,
			);
			defaultConfigurationIsVisible = 0;
			defaultConfigurationName = Release;
		};
		94DCC57B180CAB3F007236E4 /* Build configuration list for PBXNativeTarget "SheetzTests" */ = {
			isa = XCConfigurationList;
			buildConfigurations = (
				94DCC57C180CAB3F007236E4 /* Debug */,
				94DCC57D180CAB3F007236E4 /* Release */,
			);
			defaultConfigurationIsVisible = 0;
			defaultConfigurationName = Release;
		};
/* End XCConfigurationList section */
	};
	rootObject = 94DCC53B180CAB3F007236E4 /* Project object */;
}
